
Microsoft Visual Studio Solution File, Format Version 12.00
# Visual Studio 2012
Project("{FAE04EC0-301F-11D3-BF4B-00C04F79EFBC}") = "RiversideDistributer", "RiversideDistributer\RiversideDistributer.csproj", "{FDE48F6B-A567-4A71-8E97-6CC4B5A0CE8C}"
EndProject
Global
	GlobalSection(SolutionConfigurationPlatforms) = preSolution
		Debug|x86 = Debug|x86
		Release|x86 = Release|x86
	EndGlobalSection
	GlobalSection(ProjectConfigurationPlatforms) = postSolution
		{FDE48F6B-A567-4A71-8E97-6CC4B5A0CE8C}.Debug|x86.ActiveCfg = Debug|x86
		{FDE48F6B-A567-4A71-8E97-6CC4B5A0CE8C}.Debug|x86.Build.0 = Debug|x86
		{FDE48F6B-A567-4A71-8E97-6CC4B5A0CE8C}.Release|x86.ActiveCfg = Release|x86
		{FDE48F6B-A567-4A71-8E97-6CC4B5A0CE8C}.Release|x86.Build.0 = Release|x86
	EndGlobalSection
EndGlobal
